PODS:
  - Crashlytics (3.14.0):
    - Fabric (~> 1.10.2)
  - EnablexWebRTC (1.0.2)
  - EnxRTCiOS (3.0.4):
    - EnablexWebRTC (= 1.0.2)
  - Fabric (1.10.2)
  - ReachabilitySwift (5.2.3)
  - Socket.IO-Client-Swift (16.1.0):
    - Starscream (~> 4.0.6)
  - Starscream (4.0.8)
  - SVProgressHUD (2.3.1):
    - SVProgressHUD/Core (= 2.3.1)
  - SVProgressHUD/Core (2.3.1)

DEPENDENCIES:
  - Crashlytics
  - EnxRTCiOS
  - ReachabilitySwift
  - Socket.IO-Client-Swift (~> 16.1.0)
  - SVProgressHUD

SPEC REPOS:
  trunk:
    - Crashlytics
    - EnablexWebRTC
    - EnxRTCiOS
    - Fabric
    - ReachabilitySwift
    - Socket.IO-Client-Swift
    - Starscream
    - SVProgressHUD

SPEC CHECKSUMS:
  Crashlytics: 9220f5bc89e7a618df411b4f639389dbfb0e03d2
  EnablexWebRTC: 05f0d79eb6f133f1b844af9a2b7530dc7c6e2108
  EnxRTCiOS: bd9386bb5865d2934ada99064b2a957233296e55
  Fabric: ea977e3cd9c20425516d3dafd3bf8c941c51223f
  ReachabilitySwift: 7f151ff156cea1481a8411701195ac6a984f4979
  Socket.IO-Client-Swift: ee4b8f80a3db18dd7f32b266ddf273310609443c
  Starscream: 19b5533ddb925208db698f0ac508a100b884a1b9
  SVProgressHUD: 4837c74bdfe2e51e8821c397825996a8d7de6e22

PODFILE CHECKSUM: de24cc682054ea24109455ef353a86e8ad193cfb

COCOAPODS: 1.15.2
